
Microsoft Visual Studio Solution File, Format Version 12.00
# Visual Studio Version 18
VisualStudioVersion = 18.3.11512.155 d18.3
MinimumVisualStudioVersion = 10.0.40219.1
Project("{FAE04EC0-301F-11D3-BF4B-00C04F79EFBC}") = "CatalogoApp", "Catalogo_TpMaxiPrograma\CatalogoApp.csproj", "{AC51CD51-7F0D-4562-88B7-B851CA45B25B}"
EndProject
Project("{FAE04EC0-301F-11D3-BF4B-00C04F79EFBC}") = "dominio", "dominio\dominio.csproj", "{79C0B4BD-CAFC-4F8C-8D18-9B0697F85331}"
EndProject
Project("{FAE04EC0-301F-11D3-BF4B-00C04F79EFBC}") = "presentacion", "presentacion\presentacion.csproj", "{379FF561-795F-4659-B48F-328F17701992}"
EndProject
Project("{FAE04EC0-301F-11D3-BF4B-00C04F79EFBC}") = "negocio", "negocio\negocio.csproj", "{D988661A-D2CE-48C5-BFA1-850729359E4E}"
EndProject
Project("{FAE04EC0-301F-11D3-BF4B-00C04F79EFBC}") = "baseDatos", "baseDatos\baseDatos.csproj", "{1DCE97F5-1098-432C-A9FA-7C1EC1ADD2C1}"
EndProject
Global
	GlobalSection(SolutionConfigurationPlatforms) = preSolution
		Debug|Any CPU = Debug|Any CPU
		Release|Any CPU = Release|Any CPU
	EndGlobalSection
	GlobalSection(ProjectConfigurationPlatforms) = postSolution
		{AC51CD51-7F0D-4562-88B7-B851CA45B25B}.Debug|Any CPU.ActiveCfg = Debug|Any CPU
		{AC51CD51-7F0D-4562-88B7-B851CA45B25B}.Debug|Any CPU.Build.0 = Debug|Any CPU
		{AC51CD51-7F0D-4562-88B7-B851CA45B25B}.Release|Any CPU.ActiveCfg = Release|Any CPU
		{AC51CD51-7F0D-4562-88B7-B851CA45B25B}.Release|Any CPU.Build.0 = Release|Any CPU
		{79C0B4BD-CAFC-4F8C-8D18-9B0697F85331}.Debug|Any CPU.ActiveCfg = Debug|Any CPU
		{79C0B4BD-CAFC-4F8C-8D18-9B0697F85331}.Debug|Any CPU.Build.0 = Debug|Any CPU
		{79C0B4BD-CAFC-4F8C-8D18-9B0697F85331}.Release|Any CPU.ActiveCfg = Release|Any CPU
		{79C0B4BD-CAFC-4F8C-8D18-9B0697F85331}.Release|Any CPU.Build.0 = Release|Any CPU
		{379FF561-795F-4659-B48F-328F17701992}.Debug|Any CPU.ActiveCfg = Debug|Any CPU
		{379FF561-795F-4659-B48F-328F17701992}.Debug|Any CPU.Build.0 = Debug|Any CPU
		{379FF561-795F-4659-B48F-328F17701992}.Release|Any CPU.ActiveCfg = Release|Any CPU
		{379FF561-795F-4659-B48F-328F17701992}.Release|Any CPU.Build.0 = Release|Any CPU
		{D988661A-D2CE-48C5-BFA1-850729359E4E}.Debug|Any CPU.ActiveCfg = Debug|Any CPU
		{D988661A-D2CE-48C5-BFA1-850729359E4E}.Debug|Any CPU.Build.0 = Debug|Any CPU
		{D988661A-D2CE-48C5-BFA1-850729359E4E}.Release|Any CPU.ActiveCfg = Release|Any CPU
		{D988661A-D2CE-48C5-BFA1-850729359E4E}.Release|Any CPU.Build.0 = Release|Any CPU
		{1DCE97F5-1098-432C-A9FA-7C1EC1ADD2C1}.Debug|Any CPU.ActiveCfg = Debug|Any CPU
		{1DCE97F5-1098-432C-A9FA-7C1EC1ADD2C1}.Debug|Any CPU.Build.0 = Debug|Any CPU
		{1DCE97F5-1098-432C-A9FA-7C1EC1ADD2C1}.Release|Any CPU.ActiveCfg = Release|Any CPU
		{1DCE97F5-1098-432C-A9FA-7C1EC1ADD2C1}.Release|Any CPU.Build.0 = Release|Any CPU
	EndGlobalSection
	GlobalSection(SolutionProperties) = preSolution
		HideSolutionNode = FALSE
	EndGlobalSection
	GlobalSection(ExtensibilityGlobals) = postSolution
		SolutionGuid = {6FFA04A0-D39B-4E50-A02B-420978553E9D}
	EndGlobalSection
EndGlobal
